
Microsoft Visual Studio Solution File, Format Version 12.00
# Visual Studio Version 16
VisualStudioVersion = 16.0.30104.148
MinimumVisualStudioVersion = 10.0.40219.1
Project("{FAE04EC0-301F-11D3-BF4B-00C04F79EFBC}") = "WindowsFormsApp1", "WindowsFormsApp1\WindowsFormsApp1.csproj", "{4C6B6267-709A-472A-9197-2697F1FAB996}"
EndProject
Global
	GlobalSection(SolutionConfigurationPlatforms) = preSolution
		Debug|Any CPU = Debug|Any CPU
		Release|Any CPU = Release|Any CPU
	EndGlobalSection
	GlobalSection(ProjectConfigurationPlatforms) = postSolution
		{4C6B6267-709A-472A-9197-2697F1FAB996}.Debug|Any CPU.ActiveCfg = Debug|Any CPU
		{4C6B6267-709A-472A-9197-2697F1FAB996}.Debug|Any CPU.Build.0 = Debug|Any CPU
		{4C6B6267-709A-472A-9197-2697F1FAB996}.Release|Any CPU.ActiveCfg = Release|Any CPU
		{4C6B6267-709A-472A-9197-2697F1FAB996}.Release|Any CPU.Build.0 = Release|Any CPU
	EndGlobalSection
	GlobalSection(SolutionProperties) = preSolution
		HideSolutionNode = FALSE
	EndGlobalSection
	GlobalSection(ExtensibilityGlobals) = postSolution
		SolutionGuid = {F9C44754-924E-4157-B771-0893132360D1}
	EndGlobalSection
EndGlobal
